<?xml version="1.0" encoding="UTF-8"?>
<CONFIG>
  <ProjectOptions>
    <Version Value="12"/>
    <PathDelim Value="\"/>
    <General>
      <Flags>
        <CompatibilityMode Value="True"/>
      </Flags>
      <SessionStorage Value="InProjectDir"/>
      <Title Value="PR2CSV"/>
      <ResourceType Value="res"/>
      <UseXPManifest Value="True"/>
      <Icon Value="0"/>
    </General>
    <i18n>
      <EnableI18N LFM="False"/>
    </i18n>
    <VersionInfo>
      <UseVersionInfo Value="True"/>
      <AutoIncrementBuild Value="True"/>
      <MajorVersionNr Value="1"/>
      <MinorVersionNr Value="2"/>
      <RevisionNr Value="1"/>
      <BuildNr Value="131"/>
      <StringTable Comments="Made for the world made by the world!" CompanyName="The world!" FileDescription="Podcast Republic to CSV extractor" InternalName="PR2CSV" OriginalFilename="PR2CSV.exe" ProductName="PR2CSV" ProductVersion="1.1.1.87"/>
    </VersionInfo>
    <BuildModes Count="1">
      <Item1 Name="Default" Default="True"/>
    </BuildModes>
    <PublishOptions>
      <Version Value="2"/>
    </PublishOptions>
    <RunParams>
      <FormatVersion Value="2"/>
      <Modes Count="1">
        <Mode0 Name="default"/>
      </Modes>
    </RunParams>
    <RequiredPackages Count="3">
      <Item1>
        <PackageName Value="FCL"/>
      </Item1>
      <Item2>
        <PackageName Value="SQLDBLaz"/>
      </Item2>
      <Item3>
        <PackageName Value="LCL"/>
      </Item3>
    </RequiredPackages>
    <Units Count="5">
      <Unit0>
        <Filename Value="PR2CSV.lpr"/>
        <IsPartOfProject Value="True"/>
      </Unit0>
      <Unit1>
        <Filename Value="fppr2csv.pas"/>
        <IsPartOfProject Value="True"/>
        <ComponentName Value="frmPR2CSV"/>
        <HasResources Value="True"/>
        <ResourceBaseClass Value="Form"/>
        <UnitName Value="fpPR2CSV"/>
      </Unit1>
      <Unit2>
        <Filename Value="fformularequester.pas"/>
        <IsPartOfProject Value="True"/>
        <ComponentName Value="frmFormulaRequester"/>
        <HasResources Value="True"/>
        <ResourceBaseClass Value="Form"/>
        <UnitName Value="fFormulaRequester"/>
      </Unit2>
      <Unit3>
        <Filename Value="umyfilerename.pas"/>
        <IsPartOfProject Value="True"/>
        <UnitName Value="uMyFileRename"/>
      </Unit3>
      <Unit4>
        <Filename Value="upodcastformularelated.pas"/>
        <IsPartOfProject Value="True"/>
        <UnitName Value="uPodcastFormulaRelated"/>
      </Unit4>
    </Units>
  </ProjectOptions>
  <CompilerOptions>
    <Version Value="11"/>
    <PathDelim Value="\"/>
    <Target>
      <Filename Value="PR2CSV"/>
    </Target>
    <SearchPaths>
      <IncludeFiles Value="$(ProjOutDir)"/>
      <UnitOutputDirectory Value="lib\$(TargetCPU)-$(TargetOS)"/>
    </SearchPaths>
    <Linking>
      <Debugging>
        <DebugInfoType Value="dsDwarf2Set"/>
      </Debugging>
      <Options>
        <Win32>
          <GraphicApplication Value="True"/>
        </Win32>
      </Options>
    </Linking>
  </CompilerOptions>
  <Debugging>
    <Exceptions Count="3">
      <Item1>
        <Name Value="EAbort"/>
      </Item1>
      <Item2>
        <Name Value="ECodetoolError"/>
      </Item2>
      <Item3>
        <Name Value="EFOpenError"/>
      </Item3>
    </Exceptions>
  </Debugging>
</CONFIG>
